
Microsoft Visual Studio Solution File, Format Version 12.00
# Visual Studio Version 17
VisualStudioVersion = 17.4.33213.308
MinimumVisualStudioVersion = 10.0.40219.1
Project("{FAE04EC0-301F-11D3-BF4B-00C04F79EFBC}") = "AdventOfCode2023", "AdventOfCode2023\AdventOfCode2023.csproj", "{D905AFF1-B747-47CB-9C08-386231A0FBD6}"
EndProject
Global
	GlobalSection(SolutionConfigurationPlatforms) = preSolution
		Debug|Any CPU = Debug|Any CPU
		Release|Any CPU = Release|Any CPU
	EndGlobalSection
	GlobalSection(ProjectConfigurationPlatforms) = postSolution
		{D905AFF1-B747-47CB-9C08-386231A0FBD6}.Debug|Any CPU.ActiveCfg = Debug|Any CPU
		{D905AFF1-B747-47CB-9C08-386231A0FBD6}.Debug|Any CPU.Build.0 = Debug|Any CPU
		{D905AFF1-B747-47CB-9C08-386231A0FBD6}.Release|Any CPU.ActiveCfg = Release|Any CPU
		{D905AFF1-B747-47CB-9C08-386231A0FBD6}.Release|Any CPU.Build.0 = Release|Any CPU
	EndGlobalSection
	GlobalSection(SolutionProperties) = preSolution
		HideSolutionNode = FALSE
	EndGlobalSection
	GlobalSection(ExtensibilityGlobals) = postSolution
		SolutionGuid = {7D7BED80-0E13-43FC-A970-C8F15A975181}
	EndGlobalSection
EndGlobal
